<?xml version="1.0" encoding="utf-8"?>
<Project ToolsVersion="4.0" xmlns="http://schemas.microsoft.com/developer/msbuild/2003">
  <ItemGroup>
    <Filter Include="Source Files">
      <UniqueIdentifier>{4FC737F1-C7A5-4376-A066-2A32D752A2FF}</UniqueIdentifier>
      <Extensions>cpp;c;cc;cxx;def;odl;idl;hpj;bat;asm;asmx</Extensions>
    </Filter>
    <Filter Include="Header Files">
      <UniqueIdentifier>{93995380-89BD-4b04-88EB-625FBE52EBFB}</UniqueIdentifier>
      <Extensions>h;hpp;hxx;hm;inl;inc;xsd</Extensions>
    </Filter>
    <Filter Include="Resource Files">
      <UniqueIdentifier>{67DA6AB6-F800-4c08-8B7A-83BB121AAD01}</UniqueIdentifier>
      <Extensions>rc;ico;cur;bmp;dlg;rc2;rct;bin;rgs;gif;jpg;jpeg;jpe;resx;tiff;tif;png;wav;mfcribbon-ms</Extensions>
    </Filter>
    <Filter Include="Source Files\ParticleObjects">
      <UniqueIdentifier>{2ae780a1-ea83-4a23-b7ec-8ad38bcc91a2}</UniqueIdentifier>
    </Filter>
    <Filter Include="Header Files\ParticleObjects">
      <UniqueIdentifier>{1a64ee9a-962d-4b8c-97fd-5c46c29f24b8}</UniqueIdentifier>
    </Filter>
    <Filter Include="Source Files\ChannelCutFlows">
      <UniqueIdentifier>{ada32864-09a2-466f-9cd3-2c6a48aeabca}</UniqueIdentifier>
    </Filter>
    <Filter Include="Header Files\ChannelCutFlows">
      <UniqueIdentifier>{e0ff131b-a615-4b20-a1e3-53b126207b83}</UniqueIdentifier>
    </Filter>
  </ItemGroup>
  <ItemGroup>
    <Text Include="ReadMe.txt" />
  </ItemGroup>
  <ItemGroup>
    <ClCompile Include="Root\ChannelCutFlows\CutFlow2e2mu.cpp">
      <Filter>Source Files\ChannelCutFlows</Filter>
    </ClCompile>
    <ClCompile Include="Root\ChannelCutFlows\CutFlow2mu2e.cpp">
      <Filter>Source Files\ChannelCutFlows</Filter>
    </ClCompile>
    <ClCompile Include="Root\ChannelCutFlows\CutFlow4e.cpp">
      <Filter>Source Files\ChannelCutFlows</Filter>
    </ClCompile>
    <ClCompile Include="Root\ChannelCutFlows\CutFlow4l.cpp">
      <Filter>Source Files\ChannelCutFlows</Filter>
    </ClCompile>
    <ClCompile Include="Root\ChannelCutFlows\CutFlow4mu.cpp">
      <Filter>Source Files\ChannelCutFlows</Filter>
    </ClCompile>
    <ClCompile Include="Root\HiggsAnalysis.cpp">
      <Filter>Source Files</Filter>
    </ClCompile>
    <ClCompile Include="Root\OutputTree.cpp">
      <Filter>Source Files</Filter>
    </ClCompile>
    <ClCompile Include="Root\ParticleObjects\ChargedLepton.cpp">
      <Filter>Source Files\ParticleObjects</Filter>
    </ClCompile>
    <ClCompile Include="Root\ParticleObjects\DiLepton.cpp">
      <Filter>Source Files\ParticleObjects</Filter>
    </ClCompile>
    <ClCompile Include="Root\ParticleObjects\Electron.cpp">
      <Filter>Source Files\ParticleObjects</Filter>
    </ClCompile>
    <ClCompile Include="Root\ParticleObjects\Jets.cpp">
      <Filter>Source Files\ParticleObjects</Filter>
    </ClCompile>
    <ClCompile Include="Root\ParticleObjects\Muon.cpp">
      <Filter>Source Files\ParticleObjects</Filter>
    </ClCompile>
    <ClCompile Include="Root\ParticleObjects\QuadLepton.cpp">
      <Filter>Source Files\ParticleObjects</Filter>
    </ClCompile>
    <ClCompile Include="Run\CutFlow.cpp">
      <Filter>Source Files</Filter>
    </ClCompile>
    <ClCompile Include="Run\CutFlow.cxx">
      <Filter>Source Files</Filter>
    </ClCompile>
  </ItemGroup>
  <ItemGroup>
    <ClInclude Include="CutFlow\HiggsAnalysis.h">
      <Filter>Header Files</Filter>
    </ClInclude>
    <ClInclude Include="CutFlow\OutputTree.h">
      <Filter>Header Files</Filter>
    </ClInclude>
    <ClInclude Include="CutFlow\ChannelCutFlows\CutFlow4e.h">
      <Filter>Header Files\ChannelCutFlows</Filter>
    </ClInclude>
    <ClInclude Include="CutFlow\ChannelCutFlows\CutFlow4l.h">
      <Filter>Header Files\ChannelCutFlows</Filter>
    </ClInclude>
    <ClInclude Include="CutFlow\ChannelCutFlows\CutFlow4mu.h">
      <Filter>Header Files\ChannelCutFlows</Filter>
    </ClInclude>
    <ClInclude Include="CutFlow\ParticleObjects\ChargedLepton.h">
      <Filter>Header Files\ParticleObjects</Filter>
    </ClInclude>
    <ClInclude Include="CutFlow\ParticleObjects\DiLepton.h">
      <Filter>Header Files\ParticleObjects</Filter>
    </ClInclude>
    <ClInclude Include="CutFlow\ParticleObjects\Electron.h">
      <Filter>Header Files\ParticleObjects</Filter>
    </ClInclude>
    <ClInclude Include="CutFlow\ParticleObjects\Muon.h">
      <Filter>Header Files\ParticleObjects</Filter>
    </ClInclude>
    <ClInclude Include="CutFlow\ParticleObjects\QuadLepton.h">
      <Filter>Header Files\ParticleObjects</Filter>
    </ClInclude>
    <ClInclude Include="CutFlow\ParticleObjects\Jets.h">
      <Filter>Header Files\ParticleObjects</Filter>
    </ClInclude>
  </ItemGroup>
  <ItemGroup>
    <None Include="ClassDiagram.cd" />
  </ItemGroup>
</Project>